
Microsoft Visual Studio Solution File, Format Version 12.00
# Visual Studio Version 17
VisualStudioVersion = 17.3.32819.101
MinimumVisualStudioVersion = 10.0.40219.1
Project("{9A19103F-16F7-4668-BE54-9A1E7A4F7556}") = "BlazorECommerceWebsiteCourse.Server", "BlazorECommerceWebsiteCourse\Server\BlazorECommerceWebsiteCourse.Server.csproj", "{DCD28109-EF56-4882-A0CF-FC8CA27CA288}"
EndProject
Project("{9A19103F-16F7-4668-BE54-9A1E7A4F7556}") = "BlazorECommerceWebsiteCourse.Client", "BlazorECommerceWebsiteCourse\Client\BlazorECommerceWebsiteCourse.Client.csproj", "{2920BE08-C08E-4583-BE9A-E1B8EB6F4936}"
EndProject
Project("{9A19103F-16F7-4668-BE54-9A1E7A4F7556}") = "BlazorECommerceWebsiteCourse.Shared", "BlazorECommerceWebsiteCourse\Shared\BlazorECommerceWebsiteCourse.Shared.csproj", "{B908EEA7-6DF6-4F2E-AE48-6B503B4A88C4}"
EndProject
Global
	GlobalSection(SolutionConfigurationPlatforms) = preSolution
		Debug|Any CPU = Debug|Any CPU
		Release|Any CPU = Release|Any CPU
	EndGlobalSection
	GlobalSection(ProjectConfigurationPlatforms) = postSolution
		{DCD28109-EF56-4882-A0CF-FC8CA27CA288}.Debug|Any CPU.ActiveCfg = Debug|Any CPU
		{DCD28109-EF56-4882-A0CF-FC8CA27CA288}.Debug|Any CPU.Build.0 = Debug|Any CPU
		{DCD28109-EF56-4882-A0CF-FC8CA27CA288}.Release|Any CPU.ActiveCfg = Release|Any CPU
		{DCD28109-EF56-4882-A0CF-FC8CA27CA288}.Release|Any CPU.Build.0 = Release|Any CPU
		{2920BE08-C08E-4583-BE9A-E1B8EB6F4936}.Debug|Any CPU.ActiveCfg = Debug|Any CPU
		{2920BE08-C08E-4583-BE9A-E1B8EB6F4936}.Debug|Any CPU.Build.0 = Debug|Any CPU
		{2920BE08-C08E-4583-BE9A-E1B8EB6F4936}.Release|Any CPU.ActiveCfg = Release|Any CPU
		{2920BE08-C08E-4583-BE9A-E1B8EB6F4936}.Release|Any CPU.Build.0 = Release|Any CPU
		{B908EEA7-6DF6-4F2E-AE48-6B503B4A88C4}.Debug|Any CPU.ActiveCfg = Debug|Any CPU
		{B908EEA7-6DF6-4F2E-AE48-6B503B4A88C4}.Debug|Any CPU.Build.0 = Debug|Any CPU
		{B908EEA7-6DF6-4F2E-AE48-6B503B4A88C4}.Release|Any CPU.ActiveCfg = Release|Any CPU
		{B908EEA7-6DF6-4F2E-AE48-6B503B4A88C4}.Release|Any CPU.Build.0 = Release|Any CPU
	EndGlobalSection
	GlobalSection(SolutionProperties) = preSolution
		HideSolutionNode = FALSE
	EndGlobalSection
	GlobalSection(ExtensibilityGlobals) = postSolution
		SolutionGuid = {8B00DFE7-D500-4CD6-AEB0-5BBA22E7ECF2}
	EndGlobalSection
EndGlobal
